
Microsoft Visual Studio Solution File, Format Version 12.00
# Visual Studio Version 17
VisualStudioVersion = 17.8.34309.116
MinimumVisualStudioVersion = 10.0.40219.1
Project("{9A19103F-16F7-4668-BE54-9A1E7A4F7556}") = "CreateCalendar", "CreateCalendar.csproj", "{10BBE55C-506D-4DB6-B819-D1DEDBD1ADCC}"
EndProject
Global
	GlobalSection(SolutionConfigurationPlatforms) = preSolution
		Debug|Any CPU = Debug|Any CPU
		Release|Any CPU = Release|Any CPU
	EndGlobalSection
	GlobalSection(ProjectConfigurationPlatforms) = postSolution
		{10BBE55C-506D-4DB6-B819-D1DEDBD1ADCC}.Debug|Any CPU.ActiveCfg = Debug|Any CPU
		{10BBE55C-506D-4DB6-B819-D1DEDBD1ADCC}.Debug|Any CPU.Build.0 = Debug|Any CPU
		{10BBE55C-506D-4DB6-B819-D1DEDBD1ADCC}.Release|Any CPU.ActiveCfg = Release|Any CPU
		{10BBE55C-506D-4DB6-B819-D1DEDBD1ADCC}.Release|Any CPU.Build.0 = Release|Any CPU
	EndGlobalSection
	GlobalSection(SolutionProperties) = preSolution
		HideSolutionNode = FALSE
	EndGlobalSection
	GlobalSection(ExtensibilityGlobals) = postSolution
		SolutionGuid = {D3629A5D-77C9-4501-A862-A307F2F3A90B}
	EndGlobalSection
EndGlobal
